<?xml version="1.0" encoding="UTF-8"?>
<Solution>
	<Configurations>
		<BuildType Name="Debug"/>
		<BuildType Name="Release"/>
		<BuildType Name="MinSizeRel"/>
		<BuildType Name="RelWithDebInfo"/>
		<Platform Name="x64"/>
	</Configurations>
	<Project Path="ALL_BUILD.vcxproj" Type="8bc9ceb8-8b4a-11d0-8d11-00a0c91bc942" Id="f52aa0d4-57f5-3381-add2-b39a84c372ce" DefaultStartup="true">
		<BuildDependency Project="../../ZERO_CHECK.vcxproj"/>
		<BuildDependency Project="src/common/libdisplaydevice_common.vcxproj"/>
		<BuildDependency Project="src/windows/libdisplaydevice_windows.vcxproj"/>
	</Project>
	<Project Path="INSTALL.vcxproj" Type="8bc9ceb8-8b4a-11d0-8d11-00a0c91bc942" Id="7a95a21e-badb-34f2-9cb3-fa61f60f630b">
		<BuildDependency Project="ALL_BUILD.vcxproj"/>
		<BuildDependency Project="../../ZERO_CHECK.vcxproj"/>
		<Build Solution="Debug|*" Project="false"/>
		<Build Solution="Release|*" Project="false"/>
		<Build Solution="MinSizeRel|*" Project="false"/>
		<Build Solution="RelWithDebInfo|*" Project="false"/>
	</Project>
	<Project Path="PACKAGE.vcxproj" Type="8bc9ceb8-8b4a-11d0-8d11-00a0c91bc942" Id="326b9504-0f4c-39b5-aec6-d240ce107ccf">
		<BuildDependency Project="ALL_BUILD.vcxproj"/>
		<BuildDependency Project="../../ZERO_CHECK.vcxproj"/>
		<Build Solution="Debug|*" Project="false"/>
		<Build Solution="Release|*" Project="false"/>
		<Build Solution="MinSizeRel|*" Project="false"/>
		<Build Solution="RelWithDebInfo|*" Project="false"/>
	</Project>
	<Project Path="../../ZERO_CHECK.vcxproj" Type="8bc9ceb8-8b4a-11d0-8d11-00a0c91bc942" Id="0f109938-c1c1-3219-a716-13b453c1e7a0"/>
	<Project Path="src/common/libdisplaydevice_common.vcxproj" Type="8bc9ceb8-8b4a-11d0-8d11-00a0c91bc942" Id="e9bb503d-a72c-385a-8ae2-79b012bc399b">
		<BuildDependency Project="../../ZERO_CHECK.vcxproj"/>
	</Project>
	<Project Path="src/windows/libdisplaydevice_windows.vcxproj" Type="8bc9ceb8-8b4a-11d0-8d11-00a0c91bc942" Id="d2ab1b2e-31f7-3979-b838-2033e3a8e27e">
		<BuildDependency Project="../../ZERO_CHECK.vcxproj"/>
		<BuildDependency Project="src/common/libdisplaydevice_common.vcxproj"/>
	</Project>
</Solution>
